
Microsoft Visual Studio Solution File, Format Version 12.00
# Visual Studio 15
VisualStudioVersion = 15.0.28010.2003
MinimumVisualStudioVersion = 10.0.40219.1
Project("{FAE04EC0-301F-11D3-BF4B-00C04F79EFBC}") = "BCPContract", "BCPContract\BCPContract.csproj", "{653F2FAD-1FF3-432C-BBAF-F10534CE81D9}"
EndProject
Project("{FAE04EC0-301F-11D3-BF4B-00C04F79EFBC}") = "BCTContract", "BCTContract\BCTContract.csproj", "{5BC3A23A-F282-4F2A-86E9-5032FDA18F81}"
EndProject
Project("{FAE04EC0-301F-11D3-BF4B-00C04F79EFBC}") = "NEOBank", "NEOBank\NEOBank.csproj", "{450BB56C-95A9-474B-86FB-0560801FC24B}"
EndProject
Project("{FAE04EC0-301F-11D3-BF4B-00C04F79EFBC}") = "ZoroBank", "ZoroBank\ZoroBank.csproj", "{5481CF8F-B729-408F-978B-958F63BF5F8D}"
EndProject
Project("{FAE04EC0-301F-11D3-BF4B-00C04F79EFBC}") = "BitCoin-Nep5", "Btc-Nep5\BitCoin-Nep5.csproj", "{184789C5-1B6E-4A6E-92ED-ADAC60C9BF82}"
EndProject
Project("{FAE04EC0-301F-11D3-BF4B-00C04F79EFBC}") = "ZoroBCP", "ZoroBCP\ZoroBCP.csproj", "{6C97CC7E-B59D-465C-86D6-A4F9C816849D}"
EndProject
Project("{FAE04EC0-301F-11D3-BF4B-00C04F79EFBC}") = "BancorMath", "BancorContract\BancorMath.csproj", "{53B2A89C-F9ED-4E74-B174-50F9B31894E4}"
EndProject
Project("{FAE04EC0-301F-11D3-BF4B-00C04F79EFBC}") = "ETH-Nep5", "ETH-Nep5\ETH-Nep5.csproj", "{76B40867-EDAC-41E5-B2B7-95FF502A6DE1}"
EndProject
Project("{2150E333-8FDC-42A3-9474-1A3956D46DE8}") = "Bancor", "Bancor", "{F0B42E64-8CC6-4F07-881C-971EB0D621C4}"
EndProject
Project("{FAE04EC0-301F-11D3-BF4B-00C04F79EFBC}") = "BancorManager", "BancorManager\BancorManager.csproj", "{6BDE6000-F5DA-4089-89C9-089050AC7461}"
EndProject
Project("{FAE04EC0-301F-11D3-BF4B-00C04F79EFBC}") = "Bcp2Bct", "Bcp2Bct\Bcp2Bct.csproj", "{A3D0E8ED-D00A-470A-BB06-E7C277E3B26E}"
EndProject
Global
	GlobalSection(SolutionConfigurationPlatforms) = preSolution
		Debug|Any CPU = Debug|Any CPU
		Release|Any CPU = Release|Any CPU
	EndGlobalSection
	GlobalSection(ProjectConfigurationPlatforms) = postSolution
		{653F2FAD-1FF3-432C-BBAF-F10534CE81D9}.Debug|Any CPU.ActiveCfg = Debug|Any CPU
		{653F2FAD-1FF3-432C-BBAF-F10534CE81D9}.Debug|Any CPU.Build.0 = Debug|Any CPU
		{653F2FAD-1FF3-432C-BBAF-F10534CE81D9}.Release|Any CPU.ActiveCfg = Release|Any CPU
		{653F2FAD-1FF3-432C-BBAF-F10534CE81D9}.Release|Any CPU.Build.0 = Release|Any CPU
		{5BC3A23A-F282-4F2A-86E9-5032FDA18F81}.Debug|Any CPU.ActiveCfg = Debug|Any CPU
		{5BC3A23A-F282-4F2A-86E9-5032FDA18F81}.Debug|Any CPU.Build.0 = Debug|Any CPU
		{5BC3A23A-F282-4F2A-86E9-5032FDA18F81}.Release|Any CPU.ActiveCfg = Release|Any CPU
		{5BC3A23A-F282-4F2A-86E9-5032FDA18F81}.Release|Any CPU.Build.0 = Release|Any CPU
		{450BB56C-95A9-474B-86FB-0560801FC24B}.Debug|Any CPU.ActiveCfg = Debug|Any CPU
		{450BB56C-95A9-474B-86FB-0560801FC24B}.Debug|Any CPU.Build.0 = Debug|Any CPU
		{450BB56C-95A9-474B-86FB-0560801FC24B}.Release|Any CPU.ActiveCfg = Release|Any CPU
		{450BB56C-95A9-474B-86FB-0560801FC24B}.Release|Any CPU.Build.0 = Release|Any CPU
		{5481CF8F-B729-408F-978B-958F63BF5F8D}.Debug|Any CPU.ActiveCfg = Debug|Any CPU
		{5481CF8F-B729-408F-978B-958F63BF5F8D}.Debug|Any CPU.Build.0 = Debug|Any CPU
		{5481CF8F-B729-408F-978B-958F63BF5F8D}.Release|Any CPU.ActiveCfg = Release|Any CPU
		{5481CF8F-B729-408F-978B-958F63BF5F8D}.Release|Any CPU.Build.0 = Release|Any CPU
		{184789C5-1B6E-4A6E-92ED-ADAC60C9BF82}.Debug|Any CPU.ActiveCfg = Debug|Any CPU
		{184789C5-1B6E-4A6E-92ED-ADAC60C9BF82}.Debug|Any CPU.Build.0 = Debug|Any CPU
		{184789C5-1B6E-4A6E-92ED-ADAC60C9BF82}.Release|Any CPU.ActiveCfg = Release|Any CPU
		{184789C5-1B6E-4A6E-92ED-ADAC60C9BF82}.Release|Any CPU.Build.0 = Release|Any CPU
		{6C97CC7E-B59D-465C-86D6-A4F9C816849D}.Debug|Any CPU.ActiveCfg = Debug|Any CPU
		{6C97CC7E-B59D-465C-86D6-A4F9C816849D}.Debug|Any CPU.Build.0 = Debug|Any CPU
		{6C97CC7E-B59D-465C-86D6-A4F9C816849D}.Release|Any CPU.ActiveCfg = Release|Any CPU
		{6C97CC7E-B59D-465C-86D6-A4F9C816849D}.Release|Any CPU.Build.0 = Release|Any CPU
		{53B2A89C-F9ED-4E74-B174-50F9B31894E4}.Debug|Any CPU.ActiveCfg = Debug|Any CPU
		{53B2A89C-F9ED-4E74-B174-50F9B31894E4}.Debug|Any CPU.Build.0 = Debug|Any CPU
		{53B2A89C-F9ED-4E74-B174-50F9B31894E4}.Release|Any CPU.ActiveCfg = Release|Any CPU
		{53B2A89C-F9ED-4E74-B174-50F9B31894E4}.Release|Any CPU.Build.0 = Release|Any CPU
		{76B40867-EDAC-41E5-B2B7-95FF502A6DE1}.Debug|Any CPU.ActiveCfg = Debug|Any CPU
		{76B40867-EDAC-41E5-B2B7-95FF502A6DE1}.Debug|Any CPU.Build.0 = Debug|Any CPU
		{76B40867-EDAC-41E5-B2B7-95FF502A6DE1}.Release|Any CPU.ActiveCfg = Release|Any CPU
		{76B40867-EDAC-41E5-B2B7-95FF502A6DE1}.Release|Any CPU.Build.0 = Release|Any CPU
		{6BDE6000-F5DA-4089-89C9-089050AC7461}.Debug|Any CPU.ActiveCfg = Debug|Any CPU
		{6BDE6000-F5DA-4089-89C9-089050AC7461}.Debug|Any CPU.Build.0 = Debug|Any CPU
		{6BDE6000-F5DA-4089-89C9-089050AC7461}.Release|Any CPU.ActiveCfg = Release|Any CPU
		{6BDE6000-F5DA-4089-89C9-089050AC7461}.Release|Any CPU.Build.0 = Release|Any CPU
		{A3D0E8ED-D00A-470A-BB06-E7C277E3B26E}.Debug|Any CPU.ActiveCfg = Debug|Any CPU
		{A3D0E8ED-D00A-470A-BB06-E7C277E3B26E}.Debug|Any CPU.Build.0 = Debug|Any CPU
		{A3D0E8ED-D00A-470A-BB06-E7C277E3B26E}.Release|Any CPU.ActiveCfg = Release|Any CPU
		{A3D0E8ED-D00A-470A-BB06-E7C277E3B26E}.Release|Any CPU.Build.0 = Release|Any CPU
	EndGlobalSection
	GlobalSection(SolutionProperties) = preSolution
		HideSolutionNode = FALSE
	EndGlobalSection
	GlobalSection(NestedProjects) = preSolution
		{53B2A89C-F9ED-4E74-B174-50F9B31894E4} = {F0B42E64-8CC6-4F07-881C-971EB0D621C4}
		{6BDE6000-F5DA-4089-89C9-089050AC7461} = {F0B42E64-8CC6-4F07-881C-971EB0D621C4}
		{A3D0E8ED-D00A-470A-BB06-E7C277E3B26E} = {F0B42E64-8CC6-4F07-881C-971EB0D621C4}
	EndGlobalSection
	GlobalSection(ExtensibilityGlobals) = postSolution
		SolutionGuid = {2AD3EA8E-3A77-482F-B21E-7C3B86139A0C}
	EndGlobalSection
EndGlobal
