
Microsoft Visual Studio Solution File, Format Version 12.00
# Visual Studio 15
VisualStudioVersion = 15.0.28010.2003
MinimumVisualStudioVersion = 10.0.40219.1
Project("{FAE04EC0-301F-11D3-BF4B-00C04F79EFBC}") = "BCPContract", "BCPContract\BCPContract.csproj", "{653F2FAD-1FF3-432C-BBAF-F10534CE81D9}"
EndProject
Project("{FAE04EC0-301F-11D3-BF4B-00C04F79EFBC}") = "BCTContract", "BCTContract\BCTContract.csproj", "{5BC3A23A-F282-4F2A-86E9-5032FDA18F81}"
EndProject
Project("{FAE04EC0-301F-11D3-BF4B-00C04F79EFBC}") = "NEOBank", "NEOBank\NEOBank.csproj", "{450BB56C-95A9-474B-86FB-0560801FC24B}"
EndProject
Project("{FAE04EC0-301F-11D3-BF4B-00C04F79EFBC}") = "ZoroBank", "ZoroBank\ZoroBank.csproj", "{5481CF8F-B729-408F-978B-958F63BF5F8D}"
EndProject
Project("{FAE04EC0-301F-11D3-BF4B-00C04F79EFBC}") = "BitCoin-Nep5", "BitCoin-Nep5\BitCoin-Nep5.csproj", "{184789C5-1B6E-4A6E-92ED-ADAC60C9BF82}"
EndProject
Project("{FAE04EC0-301F-11D3-BF4B-00C04F79EFBC}") = "ZoroBCP", "ZoroBCP\ZoroBCP.csproj", "{6C97CC7E-B59D-465C-86D6-A4F9C816849D}"
EndProject
Project("{FAE04EC0-301F-11D3-BF4B-00C04F79EFBC}") = "ETH-Nep5", "ETH-Nep5\ETH-Nep5.csproj", "{76B40867-EDAC-41E5-B2B7-95FF502A6DE1}"
EndProject
Project("{FAE04EC0-301F-11D3-BF4B-00C04F79EFBC}") = "BancorManager", "Bancor\BancorManager\BancorManager.csproj", "{89DD8F7B-1CF0-404F-BAF8-AC50DD70B1B5}"
EndProject
Project("{FAE04EC0-301F-11D3-BF4B-00C04F79EFBC}") = "AppCoin", "Bancor\AppCoin\AppCoin.csproj", "{AACDADD6-0034-472A-9922-0A4F4F21C908}"
EndProject
Project("{2150E333-8FDC-42A3-9474-1A3956D46DE8}") = "Bancor", "Bancor", "{AE2FA98D-0578-4C7E-A0E6-16E6A35827E9}"
EndProject
Project("{FAE04EC0-301F-11D3-BF4B-00C04F79EFBC}") = "BancorMath", "Bancor\BancorMath\BancorMath.csproj", "{74ECD991-3004-430E-B45E-AE62B66D6AE6}"
EndProject
Project("{FAE04EC0-301F-11D3-BF4B-00C04F79EFBC}") = "NFTContract", "NFT-Token\NFTContract.csproj", "{86F99E76-CDD9-499A-B623-076BC9BF8283}"
EndProject
Project("{FAE04EC0-301F-11D3-BF4B-00C04F79EFBC}") = "BancorCommon", "Bancor\BancorCommon\BancorCommon.csproj", "{6486A192-A83B-47AB-8FAB-8F89DCB59F2F}"
EndProject
Global
	GlobalSection(SolutionConfigurationPlatforms) = preSolution
		Debug|Any CPU = Debug|Any CPU
		Release|Any CPU = Release|Any CPU
	EndGlobalSection
	GlobalSection(ProjectConfigurationPlatforms) = postSolution
		{653F2FAD-1FF3-432C-BBAF-F10534CE81D9}.Debug|Any CPU.ActiveCfg = Debug|Any CPU
		{653F2FAD-1FF3-432C-BBAF-F10534CE81D9}.Debug|Any CPU.Build.0 = Debug|Any CPU
		{653F2FAD-1FF3-432C-BBAF-F10534CE81D9}.Release|Any CPU.ActiveCfg = Release|Any CPU
		{653F2FAD-1FF3-432C-BBAF-F10534CE81D9}.Release|Any CPU.Build.0 = Release|Any CPU
		{5BC3A23A-F282-4F2A-86E9-5032FDA18F81}.Debug|Any CPU.ActiveCfg = Debug|Any CPU
		{5BC3A23A-F282-4F2A-86E9-5032FDA18F81}.Debug|Any CPU.Build.0 = Debug|Any CPU
		{5BC3A23A-F282-4F2A-86E9-5032FDA18F81}.Release|Any CPU.ActiveCfg = Release|Any CPU
		{5BC3A23A-F282-4F2A-86E9-5032FDA18F81}.Release|Any CPU.Build.0 = Release|Any CPU
		{450BB56C-95A9-474B-86FB-0560801FC24B}.Debug|Any CPU.ActiveCfg = Debug|Any CPU
		{450BB56C-95A9-474B-86FB-0560801FC24B}.Debug|Any CPU.Build.0 = Debug|Any CPU
		{450BB56C-95A9-474B-86FB-0560801FC24B}.Release|Any CPU.ActiveCfg = Release|Any CPU
		{450BB56C-95A9-474B-86FB-0560801FC24B}.Release|Any CPU.Build.0 = Release|Any CPU
		{5481CF8F-B729-408F-978B-958F63BF5F8D}.Debug|Any CPU.ActiveCfg = Debug|Any CPU
		{5481CF8F-B729-408F-978B-958F63BF5F8D}.Debug|Any CPU.Build.0 = Debug|Any CPU
		{5481CF8F-B729-408F-978B-958F63BF5F8D}.Release|Any CPU.ActiveCfg = Release|Any CPU
		{5481CF8F-B729-408F-978B-958F63BF5F8D}.Release|Any CPU.Build.0 = Release|Any CPU
		{184789C5-1B6E-4A6E-92ED-ADAC60C9BF82}.Debug|Any CPU.ActiveCfg = Debug|Any CPU
		{184789C5-1B6E-4A6E-92ED-ADAC60C9BF82}.Debug|Any CPU.Build.0 = Debug|Any CPU
		{184789C5-1B6E-4A6E-92ED-ADAC60C9BF82}.Release|Any CPU.ActiveCfg = Release|Any CPU
		{184789C5-1B6E-4A6E-92ED-ADAC60C9BF82}.Release|Any CPU.Build.0 = Release|Any CPU
		{6C97CC7E-B59D-465C-86D6-A4F9C816849D}.Debug|Any CPU.ActiveCfg = Debug|Any CPU
		{6C97CC7E-B59D-465C-86D6-A4F9C816849D}.Debug|Any CPU.Build.0 = Debug|Any CPU
		{6C97CC7E-B59D-465C-86D6-A4F9C816849D}.Release|Any CPU.ActiveCfg = Release|Any CPU
		{6C97CC7E-B59D-465C-86D6-A4F9C816849D}.Release|Any CPU.Build.0 = Release|Any CPU
		{76B40867-EDAC-41E5-B2B7-95FF502A6DE1}.Debug|Any CPU.ActiveCfg = Debug|Any CPU
		{76B40867-EDAC-41E5-B2B7-95FF502A6DE1}.Debug|Any CPU.Build.0 = Debug|Any CPU
		{76B40867-EDAC-41E5-B2B7-95FF502A6DE1}.Release|Any CPU.ActiveCfg = Release|Any CPU
		{76B40867-EDAC-41E5-B2B7-95FF502A6DE1}.Release|Any CPU.Build.0 = Release|Any CPU
		{89DD8F7B-1CF0-404F-BAF8-AC50DD70B1B5}.Debug|Any CPU.ActiveCfg = Debug|Any CPU
		{89DD8F7B-1CF0-404F-BAF8-AC50DD70B1B5}.Debug|Any CPU.Build.0 = Debug|Any CPU
		{89DD8F7B-1CF0-404F-BAF8-AC50DD70B1B5}.Release|Any CPU.ActiveCfg = Release|Any CPU
		{89DD8F7B-1CF0-404F-BAF8-AC50DD70B1B5}.Release|Any CPU.Build.0 = Release|Any CPU
		{AACDADD6-0034-472A-9922-0A4F4F21C908}.Debug|Any CPU.ActiveCfg = Debug|Any CPU
		{AACDADD6-0034-472A-9922-0A4F4F21C908}.Debug|Any CPU.Build.0 = Debug|Any CPU
		{AACDADD6-0034-472A-9922-0A4F4F21C908}.Release|Any CPU.ActiveCfg = Release|Any CPU
		{AACDADD6-0034-472A-9922-0A4F4F21C908}.Release|Any CPU.Build.0 = Release|Any CPU
		{74ECD991-3004-430E-B45E-AE62B66D6AE6}.Debug|Any CPU.ActiveCfg = Debug|Any CPU
		{74ECD991-3004-430E-B45E-AE62B66D6AE6}.Debug|Any CPU.Build.0 = Debug|Any CPU
		{74ECD991-3004-430E-B45E-AE62B66D6AE6}.Release|Any CPU.ActiveCfg = Release|Any CPU
		{74ECD991-3004-430E-B45E-AE62B66D6AE6}.Release|Any CPU.Build.0 = Release|Any CPU
		{86F99E76-CDD9-499A-B623-076BC9BF8283}.Debug|Any CPU.ActiveCfg = Debug|Any CPU
		{86F99E76-CDD9-499A-B623-076BC9BF8283}.Debug|Any CPU.Build.0 = Debug|Any CPU
		{86F99E76-CDD9-499A-B623-076BC9BF8283}.Release|Any CPU.ActiveCfg = Release|Any CPU
		{86F99E76-CDD9-499A-B623-076BC9BF8283}.Release|Any CPU.Build.0 = Release|Any CPU
		{6486A192-A83B-47AB-8FAB-8F89DCB59F2F}.Debug|Any CPU.ActiveCfg = Debug|Any CPU
		{6486A192-A83B-47AB-8FAB-8F89DCB59F2F}.Debug|Any CPU.Build.0 = Debug|Any CPU
		{6486A192-A83B-47AB-8FAB-8F89DCB59F2F}.Release|Any CPU.ActiveCfg = Release|Any CPU
		{6486A192-A83B-47AB-8FAB-8F89DCB59F2F}.Release|Any CPU.Build.0 = Release|Any CPU
	EndGlobalSection
	GlobalSection(SolutionProperties) = preSolution
		HideSolutionNode = FALSE
	EndGlobalSection
	GlobalSection(NestedProjects) = preSolution
		{89DD8F7B-1CF0-404F-BAF8-AC50DD70B1B5} = {AE2FA98D-0578-4C7E-A0E6-16E6A35827E9}
		{AACDADD6-0034-472A-9922-0A4F4F21C908} = {AE2FA98D-0578-4C7E-A0E6-16E6A35827E9}
		{74ECD991-3004-430E-B45E-AE62B66D6AE6} = {AE2FA98D-0578-4C7E-A0E6-16E6A35827E9}
		{6486A192-A83B-47AB-8FAB-8F89DCB59F2F} = {AE2FA98D-0578-4C7E-A0E6-16E6A35827E9}
	EndGlobalSection
	GlobalSection(ExtensibilityGlobals) = postSolution
		SolutionGuid = {2AD3EA8E-3A77-482F-B21E-7C3B86139A0C}
	EndGlobalSection
EndGlobal
