
Microsoft Visual Studio Solution File, Format Version 12.00
# Visual Studio 15
VisualStudioVersion = 15.0.28010.2003
MinimumVisualStudioVersion = 10.0.40219.1
Project("{FAE04EC0-301F-11D3-BF4B-00C04F79EFBC}") = "BCPContract", "BCPContract\BCPContract.csproj", "{653F2FAD-1FF3-432C-BBAF-F10534CE81D9}"
EndProject
Project("{FAE04EC0-301F-11D3-BF4B-00C04F79EFBC}") = "BCTContract", "BCTContract\BCTContract.csproj", "{5BC3A23A-F282-4F2A-86E9-5032FDA18F81}"
EndProject
Project("{FAE04EC0-301F-11D3-BF4B-00C04F79EFBC}") = "NeoBankContract", "NeoBankContract\NeoBankContract.csproj", "{C4C7294D-862B-440D-AAED-0478C2593256}"
EndProject
Project("{FAE04EC0-301F-11D3-BF4B-00C04F79EFBC}") = "ZoroBankContract", "ZoroBankContract\ZoroBankContract.csproj", "{6F1D5054-EB1A-4ABA-B3F0-BB504DE9AC24}"
EndProject
Project("{FAE04EC0-301F-11D3-BF4B-00C04F79EFBC}") = "ZoroBCPContract", "ZoroBCPContract\ZoroBCPContract.csproj", "{0A04C464-E8FB-422F-B4F4-422E9E12EB7A}"
EndProject
Global
	GlobalSection(SolutionConfigurationPlatforms) = preSolution
		Debug|Any CPU = Debug|Any CPU
		Release|Any CPU = Release|Any CPU
	EndGlobalSection
	GlobalSection(ProjectConfigurationPlatforms) = postSolution
		{653F2FAD-1FF3-432C-BBAF-F10534CE81D9}.Debug|Any CPU.ActiveCfg = Debug|Any CPU
		{653F2FAD-1FF3-432C-BBAF-F10534CE81D9}.Debug|Any CPU.Build.0 = Debug|Any CPU
		{653F2FAD-1FF3-432C-BBAF-F10534CE81D9}.Release|Any CPU.ActiveCfg = Release|Any CPU
		{653F2FAD-1FF3-432C-BBAF-F10534CE81D9}.Release|Any CPU.Build.0 = Release|Any CPU
		{5BC3A23A-F282-4F2A-86E9-5032FDA18F81}.Debug|Any CPU.ActiveCfg = Debug|Any CPU
		{5BC3A23A-F282-4F2A-86E9-5032FDA18F81}.Debug|Any CPU.Build.0 = Debug|Any CPU
		{5BC3A23A-F282-4F2A-86E9-5032FDA18F81}.Release|Any CPU.ActiveCfg = Release|Any CPU
		{5BC3A23A-F282-4F2A-86E9-5032FDA18F81}.Release|Any CPU.Build.0 = Release|Any CPU
		{C4C7294D-862B-440D-AAED-0478C2593256}.Debug|Any CPU.ActiveCfg = Debug|Any CPU
		{C4C7294D-862B-440D-AAED-0478C2593256}.Debug|Any CPU.Build.0 = Debug|Any CPU
		{C4C7294D-862B-440D-AAED-0478C2593256}.Release|Any CPU.ActiveCfg = Release|Any CPU
		{C4C7294D-862B-440D-AAED-0478C2593256}.Release|Any CPU.Build.0 = Release|Any CPU
		{6F1D5054-EB1A-4ABA-B3F0-BB504DE9AC24}.Debug|Any CPU.ActiveCfg = Debug|Any CPU
		{6F1D5054-EB1A-4ABA-B3F0-BB504DE9AC24}.Debug|Any CPU.Build.0 = Debug|Any CPU
		{6F1D5054-EB1A-4ABA-B3F0-BB504DE9AC24}.Release|Any CPU.ActiveCfg = Release|Any CPU
		{6F1D5054-EB1A-4ABA-B3F0-BB504DE9AC24}.Release|Any CPU.Build.0 = Release|Any CPU
		{0A04C464-E8FB-422F-B4F4-422E9E12EB7A}.Debug|Any CPU.ActiveCfg = Debug|Any CPU
		{0A04C464-E8FB-422F-B4F4-422E9E12EB7A}.Debug|Any CPU.Build.0 = Debug|Any CPU
		{0A04C464-E8FB-422F-B4F4-422E9E12EB7A}.Release|Any CPU.ActiveCfg = Release|Any CPU
		{0A04C464-E8FB-422F-B4F4-422E9E12EB7A}.Release|Any CPU.Build.0 = Release|Any CPU
	EndGlobalSection
	GlobalSection(SolutionProperties) = preSolution
		HideSolutionNode = FALSE
	EndGlobalSection
	GlobalSection(ExtensibilityGlobals) = postSolution
		SolutionGuid = {2AD3EA8E-3A77-482F-B21E-7C3B86139A0C}
	EndGlobalSection
EndGlobal
